<Solution>
  <Folder Name="/Solution Items/">
    <File Path="compose.yaml" />
  </Folder>
  <Folder Name="/src/" />
  <Folder Name="/src/API/">
    <Project Path="src/API/Evently.Api/Evently.Api.csproj" />
  </Folder>
  <Folder Name="/src/Modules/" />
  <Folder Name="/src/Modules/Events/">
    <Project Path="src/Modules/Events/Evently.Modules.Events.Api/Evently.Modules.Events.Api.csproj" />
  </Folder>
</Solution>
